
Microsoft Visual Studio Solution File, Format Version 12.00
# Visual Studio Version 16
VisualStudioVersion = 16.0.31424.327
MinimumVisualStudioVersion = 10.0.40219.1
Project("{8BC9CEB8-8B4A-11D0-8D11-00A0C91BC942}") = "Eratosfen", "Eratosfen\Eratosfen.vcxproj", "{622D6582-8C2E-47C8-BCCD-7865DD0AD97F}"
EndProject
Global
	GlobalSection(SolutionConfigurationPlatforms) = preSolution
		Debug|x64 = Debug|x64
		Debug|x86 = Debug|x86
		Release|x64 = Release|x64
		Release|x86 = Release|x86
	EndGlobalSection
	GlobalSection(ProjectConfigurationPlatforms) = postSolution
		{622D6582-8C2E-47C8-BCCD-7865DD0AD97F}.Debug|x64.ActiveCfg = Debug|x64
		{622D6582-8C2E-47C8-BCCD-7865DD0AD97F}.Debug|x64.Build.0 = Debug|x64
		{622D6582-8C2E-47C8-BCCD-7865DD0AD97F}.Debug|x86.ActiveCfg = Debug|Win32
		{622D6582-8C2E-47C8-BCCD-7865DD0AD97F}.Debug|x86.Build.0 = Debug|Win32
		{622D6582-8C2E-47C8-BCCD-7865DD0AD97F}.Release|x64.ActiveCfg = Release|x64
		{622D6582-8C2E-47C8-BCCD-7865DD0AD97F}.Release|x64.Build.0 = Release|x64
		{622D6582-8C2E-47C8-BCCD-7865DD0AD97F}.Release|x86.ActiveCfg = Release|Win32
		{622D6582-8C2E-47C8-BCCD-7865DD0AD97F}.Release|x86.Build.0 = Release|Win32
	EndGlobalSection
	GlobalSection(SolutionProperties) = preSolution
		HideSolutionNode = FALSE
	EndGlobalSection
	GlobalSection(ExtensibilityGlobals) = postSolution
		SolutionGuid = {4A8A7175-0A5F-47E8-9B8E-ED6EA0098A8C}
	EndGlobalSection
EndGlobal
